<?xml version="1.0" encoding="utf-8"?>
<Project ToolsVersion="4.0" xmlns="http://schemas.microsoft.com/developer/msbuild/2003">
  <ItemGroup>
    <Filter Include="Engine">
      <UniqueIdentifier>{130784c0-5d86-4657-a643-7a52230e6e09}</UniqueIdentifier>
    </Filter>
    <Filter Include="Engine\2d">
      <UniqueIdentifier>{de539bca-31cd-4cd6-bdec-58ff66a347c1}</UniqueIdentifier>
    </Filter>
    <Filter Include="Engine\3d">
      <UniqueIdentifier>{3b60436c-4e26-41a7-8baa-903650fc272d}</UniqueIdentifier>
    </Filter>
    <Filter Include="Engine\input">
      <UniqueIdentifier>{ef726231-de31-4482-8fe7-eaa79bfcbaa2}</UniqueIdentifier>
    </Filter>
    <Filter Include="Engine\base">
      <UniqueIdentifier>{cccedc4d-8cc9-496a-84e4-9e3dc402efa0}</UniqueIdentifier>
    </Filter>
    <Filter Include="Engine\math">
      <UniqueIdentifier>{317783d9-f57b-44df-9d64-2ccaee7c8874}</UniqueIdentifier>
    </Filter>
    <Filter Include="Engine\winApp">
      <UniqueIdentifier>{0cf1649e-65b3-4017-80e0-63dd68120be4}</UniqueIdentifier>
    </Filter>
    <Filter Include="Engine\debug">
      <UniqueIdentifier>{08eed370-b712-41d5-82ce-683f7962ed28}</UniqueIdentifier>
    </Filter>
    <Filter Include="Engine\utility">
      <UniqueIdentifier>{0ef2fc93-2066-4a3b-a414-a909247b30dc}</UniqueIdentifier>
    </Filter>
    <Filter Include="Engine\audio">
      <UniqueIdentifier>{652420ed-feb7-4ee8-8411-6a56eba0fe1c}</UniqueIdentifier>
    </Filter>
    <Filter Include="Game">
      <UniqueIdentifier>{7c8e140e-93b6-4893-a355-dd044f132554}</UniqueIdentifier>
    </Filter>
    <Filter Include="Game\Scene">
      <UniqueIdentifier>{aab7704f-f607-408e-ac94-e63cf6a6b35a}</UniqueIdentifier>
    </Filter>
  </ItemGroup>
  <ItemGroup>
    <ClCompile Include="main.cpp" />
    <ClCompile Include="engine\camera\Camera.cpp">
      <Filter>Engine\3d</Filter>
    </ClCompile>
    <ClCompile Include="engine\debug\D3DResourceLeakChecker.cpp">
      <Filter>Engine\debug</Filter>
    </ClCompile>
    <ClCompile Include="engine\input\Input.cpp">
      <Filter>Engine\input</Filter>
    </ClCompile>
    <ClCompile Include="engine\debug\Logger.cpp">
      <Filter>Engine\debug</Filter>
    </ClCompile>
    <ClCompile Include="engine\math\MathMatrix.cpp">
      <Filter>Engine\math</Filter>
    </ClCompile>
    <ClCompile Include="engine\math\MathVector.cpp">
      <Filter>Engine\math</Filter>
    </ClCompile>
    <ClCompile Include="engine\3d\Model.cpp">
      <Filter>Engine\3d</Filter>
    </ClCompile>
    <ClCompile Include="engine\3d\ModelCommon.cpp">
      <Filter>Engine\3d</Filter>
    </ClCompile>
    <ClCompile Include="engine\3d\ModelManager.cpp">
      <Filter>Engine\3d</Filter>
    </ClCompile>
    <ClCompile Include="engine\3d\Object3d.cpp">
      <Filter>Engine\3d</Filter>
    </ClCompile>
    <ClCompile Include="engine\3d\Object3dCommon.cpp">
      <Filter>Engine\3d</Filter>
    </ClCompile>
    <ClCompile Include="engine\2d\Sprite.cpp">
      <Filter>Engine\2d</Filter>
    </ClCompile>
    <ClCompile Include="engine\2d\SpriteCommon.cpp">
      <Filter>Engine\2d</Filter>
    </ClCompile>
    <ClCompile Include="engine\utility\StringUtility.cpp">
      <Filter>Engine\utility</Filter>
    </ClCompile>
    <ClCompile Include="engine\2d\TextureManager.cpp">
      <Filter>Engine\2d</Filter>
    </ClCompile>
    <ClCompile Include="engine\winApp\WinApp.cpp">
      <Filter>Engine\winApp</Filter>
    </ClCompile>
    <ClCompile Include="engine\debug\ImGuiManager.cpp">
      <Filter>Engine\debug</Filter>
    </ClCompile>
    <ClCompile Include="engine\audio\AudioManager.cpp">
      <Filter>Engine\audio</Filter>
    </ClCompile>
    <ClCompile Include="game\MyGame.cpp">
      <Filter>Game</Filter>
    </ClCompile>
    <ClCompile Include="game\Framework.cpp">
      <Filter>Game</Filter>
    </ClCompile>
    <ClCompile Include="game\scene\BaseScene.cpp">
      <Filter>Game\Scene</Filter>
    </ClCompile>
    <ClCompile Include="game\scene\GameScene.cpp">
      <Filter>Game\Scene</Filter>
    </ClCompile>
    <ClCompile Include="game\scene\TitleScene.cpp">
      <Filter>Game\Scene</Filter>
    </ClCompile>
    <ClCompile Include="game\scene\SceneManager.cpp">
      <Filter>Game\Scene</Filter>
    </ClCompile>
    <ClCompile Include="game\scene\AbstractSceneFactory.cpp">
      <Filter>Game\Scene</Filter>
    </ClCompile>
    <ClCompile Include="game\scene\SceneFactory.cpp">
      <Filter>Game\Scene</Filter>
    </ClCompile>
    <ClCompile Include="engine\camera\DebugCamera.cpp" />
    <ClCompile Include="engine\base\SrvManager.cpp" />
    <ClCompile Include="Engine\3D\Particle\ParticleSystem.cpp" />
    <ClCompile Include="Engine\3D\Particle\ParticleCommon.cpp" />
    <ClCompile Include="Engine\3D\Particle\ParticleEmitter.cpp" />
    <ClCompile Include="engine\base\DirectXUtility.cpp" />
    <ClCompile Include="Engine\Base\SwapChain.cpp" />
    <ClCompile Include="engine\base\PostEffect.cpp" />
    <ClCompile Include="Engine\Base\PostProcessingPipeline.cpp" />
    <ClCompile Include="Engine\3D\Particle\PlaneParticle.cpp" />
    <ClCompile Include="Engine\3D\Particle\RingParticle.cpp" />
    <ClCompile Include="Engine\3D\Particle\CylinderParticle.cpp" />
    <ClCompile Include="Engine\3D\Particle\Explosion.cpp" />
  </ItemGroup>
  <ItemGroup>
    <ClInclude Include="engine\camera\Camera.h">
      <Filter>Engine\3d</Filter>
    </ClInclude>
    <ClInclude Include="engine\debug\D3DResourceLeakChecker.h">
      <Filter>Engine\debug</Filter>
    </ClInclude>
    <ClInclude Include="engine\input\Input.h">
      <Filter>Engine\input</Filter>
    </ClInclude>
    <ClInclude Include="engine\debug\Logger.h">
      <Filter>Engine\debug</Filter>
    </ClInclude>
    <ClInclude Include="engine\math\MathMatrix.h">
      <Filter>Engine\math</Filter>
    </ClInclude>
    <ClInclude Include="engine\math\MathVector.h">
      <Filter>Engine\math</Filter>
    </ClInclude>
    <ClInclude Include="engine\math\Matrix4x4.h">
      <Filter>Engine\math</Filter>
    </ClInclude>
    <ClInclude Include="engine\3d\Model.h">
      <Filter>Engine\3d</Filter>
    </ClInclude>
    <ClInclude Include="engine\3d\ModelCommon.h">
      <Filter>Engine\3d</Filter>
    </ClInclude>
    <ClInclude Include="engine\3d\ModelManager.h">
      <Filter>Engine\3d</Filter>
    </ClInclude>
    <ClInclude Include="engine\3d\Object3d.h">
      <Filter>Engine\3d</Filter>
    </ClInclude>
    <ClInclude Include="engine\3d\Object3dCommon.h">
      <Filter>Engine\3d</Filter>
    </ClInclude>
    <ClInclude Include="engine\2d\Sprite.h">
      <Filter>Engine\2d</Filter>
    </ClInclude>
    <ClInclude Include="engine\2d\SpriteCommon.h">
      <Filter>Engine\2d</Filter>
    </ClInclude>
    <ClInclude Include="engine\utility\StringUtility.h">
      <Filter>Engine\utility</Filter>
    </ClInclude>
    <ClInclude Include="engine\2d\TextureManager.h">
      <Filter>Engine\2d</Filter>
    </ClInclude>
    <ClInclude Include="engine\math\Vector2.h">
      <Filter>Engine\math</Filter>
    </ClInclude>
    <ClInclude Include="engine\math\Vector3.h">
      <Filter>Engine\math</Filter>
    </ClInclude>
    <ClInclude Include="engine\math\Vector4.h">
      <Filter>Engine\math</Filter>
    </ClInclude>
    <ClInclude Include="engine\winApp\WinApp.h">
      <Filter>Engine\winApp</Filter>
    </ClInclude>
    <ClInclude Include="engine\debug\ImGuiManager.h">
      <Filter>Engine\debug</Filter>
    </ClInclude>
    <ClInclude Include="engine\audio\AudioManager.h">
      <Filter>Engine\audio</Filter>
    </ClInclude>
    <ClInclude Include="game\MyGame.h">
      <Filter>Game</Filter>
    </ClInclude>
    <ClInclude Include="game\Framework.h">
      <Filter>Game</Filter>
    </ClInclude>
    <ClInclude Include="game\scene\BaseScene.h">
      <Filter>Game\Scene</Filter>
    </ClInclude>
    <ClInclude Include="game\scene\GameScene.h">
      <Filter>Game\Scene</Filter>
    </ClInclude>
    <ClInclude Include="game\scene\TitleScene.h">
      <Filter>Game\Scene</Filter>
    </ClInclude>
    <ClInclude Include="game\scene\SceneManager.h">
      <Filter>Game\Scene</Filter>
    </ClInclude>
    <ClInclude Include="game\scene\AbstractSceneFactory.h">
      <Filter>Game\Scene</Filter>
    </ClInclude>
    <ClInclude Include="game\scene\SceneFactory.h">
      <Filter>Game\Scene</Filter>
    </ClInclude>
    <ClInclude Include="engine\camera\DebugCamera.h" />
    <ClInclude Include="engine\base\SrvManager.h" />
    <ClInclude Include="engine\3d\Data\VertexData.h" />
    <ClInclude Include="engine\3d\Data\MaterialData.h" />
    <ClInclude Include="engine\3d\Data\ModelData.h" />
    <ClInclude Include="Engine\3D\Particle\ParticleSystem.h" />
    <ClInclude Include="Engine\3D\Particle\ParticleCommon.h" />
    <ClInclude Include="Engine\3D\Particle\ParticleEmitter.h" />
    <ClInclude Include="engine\3d\Data\Transform.h" />
    <ClInclude Include="engine\base\DirectXUtility.h" />
    <ClInclude Include="Engine\Base\SwapChain.h" />
    <ClInclude Include="engine\base\PostEffect.h" />
    <ClInclude Include="Engine\Base\PostProcessingPipeline.h" />
    <ClInclude Include="Engine\3D\Particle\Particle.h" />
    <ClInclude Include="Engine\3D\Particle\BaseParticleType.h" />
    <ClInclude Include="Engine\3D\Particle\PlaneParticle.h" />
    <ClInclude Include="Engine\3D\Particle\RingParticle.h" />
    <ClInclude Include="Engine\3D\Particle\CylinderParticle.h" />
    <ClInclude Include="Engine\3D\Particle\Explosion.h" />
  </ItemGroup>
  <ItemGroup>
    <None Include="resources\shaders\Sprite.hlsli">
      <Filter>Engine\2d</Filter>
    </None>
    <None Include="resources\shaders\Object3d.hlsli">
      <Filter>Engine\3d</Filter>
    </None>
    <None Include="resources\shaders\Particle.hlsli" />
    <None Include="Resources\shaders\FullScreen.hlsli" />
  </ItemGroup>
  <ItemGroup>
    <FxCompile Include="resources\shaders\Sprite.PS.hlsl">
      <Filter>Engine\2d</Filter>
    </FxCompile>
    <FxCompile Include="resources\shaders\Sprite.VS.hlsl">
      <Filter>Engine\2d</Filter>
    </FxCompile>
    <FxCompile Include="resources\shaders\Object3d.PS.hlsl">
      <Filter>Engine\3d</Filter>
    </FxCompile>
    <FxCompile Include="resources\shaders\Object3d.VS.hlsl">
      <Filter>Engine\3d</Filter>
    </FxCompile>
    <FxCompile Include="resources\shaders\Particle.VS.hlsl" />
    <FxCompile Include="resources\shaders\Particle.PS.hlsl" />
    <FxCompile Include="Resources\shaders\FullScreen.VS.hlsl" />
    <FxCompile Include="Resources\shaders\Grayscale.PS.hlsl" />
    <FxCompile Include="resources\shaders\FullScreen.PS.hlsl" />
    <FxCompile Include="resources\shaders\Vignette.PS.hlsl" />
  </ItemGroup>
</Project>