<?xml version="1.0" encoding="utf-8"?>
<Project ToolsVersion="4.0" xmlns="http://schemas.microsoft.com/developer/msbuild/2003">
  <ItemGroup>
    <Filter Include="Engine">
      <UniqueIdentifier>{130784c0-5d86-4657-a643-7a52230e6e09}</UniqueIdentifier>
    </Filter>
    <Filter Include="Game">
      <UniqueIdentifier>{7c8e140e-93b6-4893-a355-dd044f132554}</UniqueIdentifier>
    </Filter>
    <Filter Include="Game\Scene">
      <UniqueIdentifier>{aab7704f-f607-408e-ac94-e63cf6a6b35a}</UniqueIdentifier>
    </Filter>
    <Filter Include="Engine\2D">
      <UniqueIdentifier>{de539bca-31cd-4cd6-bdec-58ff66a347c1}</UniqueIdentifier>
    </Filter>
    <Filter Include="Engine\2D\Sprite">
      <UniqueIdentifier>{d6d42a2e-e3e2-4507-b6bc-ba4efb60b704}</UniqueIdentifier>
    </Filter>
    <Filter Include="Engine\2D\TextureManager">
      <UniqueIdentifier>{7fa37600-67c8-44dd-9cff-4769414ca69d}</UniqueIdentifier>
    </Filter>
    <Filter Include="Engine\3D">
      <UniqueIdentifier>{3b60436c-4e26-41a7-8baa-903650fc272d}</UniqueIdentifier>
    </Filter>
    <Filter Include="Engine\3D\Model">
      <UniqueIdentifier>{2a5324c1-8b6e-4d10-b8f5-e242059bc6bb}</UniqueIdentifier>
    </Filter>
    <Filter Include="Engine\3D\Object">
      <UniqueIdentifier>{a2478f80-9c92-4178-90eb-6421606f8e3f}</UniqueIdentifier>
    </Filter>
    <Filter Include="Engine\Audio">
      <UniqueIdentifier>{652420ed-feb7-4ee8-8411-6a56eba0fe1c}</UniqueIdentifier>
    </Filter>
    <Filter Include="Engine\Base">
      <UniqueIdentifier>{cccedc4d-8cc9-496a-84e4-9e3dc402efa0}</UniqueIdentifier>
    </Filter>
    <Filter Include="Engine\Base\DirectX">
      <UniqueIdentifier>{21f0775a-cfe0-4b46-a249-039f41956a4e}</UniqueIdentifier>
    </Filter>
    <Filter Include="Game\Base">
      <UniqueIdentifier>{ce94f2ab-3364-49c0-8ab6-c2a4a31638b6}</UniqueIdentifier>
    </Filter>
    <Filter Include="Game\Scene\GamePlayScene">
      <UniqueIdentifier>{beb9646d-c03a-4c1d-9383-45b023f72028}</UniqueIdentifier>
    </Filter>
    <Filter Include="Game\Scene\GameOverScene">
      <UniqueIdentifier>{6f2c2f45-d1fc-4c6d-9ca3-3f6489dccaef}</UniqueIdentifier>
    </Filter>
    <Filter Include="Game\Scene\GameClearScene">
      <UniqueIdentifier>{879420f4-d30e-4a75-840f-316c0cd5ac3f}</UniqueIdentifier>
    </Filter>
    <Filter Include="Game\Scene\TitleScene">
      <UniqueIdentifier>{4f74f527-3c79-46fc-87d6-76566cdd294c}</UniqueIdentifier>
    </Filter>
    <Filter Include="Game\Scene\System">
      <UniqueIdentifier>{c0f455b4-4bc7-4120-9e93-350dd55fb61d}</UniqueIdentifier>
    </Filter>
    <Filter Include="Game\Scene\TitleScene\UI">
      <UniqueIdentifier>{3afb8000-7d16-4bf2-9d80-c2758565976c}</UniqueIdentifier>
    </Filter>
    <Filter Include="Engine\Scene">
      <UniqueIdentifier>{12b608c8-09f0-46d0-aaa0-d97d2e9aa743}</UniqueIdentifier>
    </Filter>
    <Filter Include="Game\Scene\DebugScene">
      <UniqueIdentifier>{e170c88d-efb7-4f2f-ae41-a0402a262704}</UniqueIdentifier>
    </Filter>
    <Filter Include="Game\Scene\GamePlayScene\CameraControll">
      <UniqueIdentifier>{f382a9f2-496c-402a-aa9c-96f8339208a8}</UniqueIdentifier>
    </Filter>
    <Filter Include="Game\Scene\GamePlayScene\Collision">
      <UniqueIdentifier>{6deaab4a-4bf9-4722-9815-00fb11bda06f}</UniqueIdentifier>
    </Filter>
    <Filter Include="Game\Scene\GamePlayScene\Cylinder">
      <UniqueIdentifier>{de26e030-d783-40c9-93dc-623f5d0c90ee}</UniqueIdentifier>
    </Filter>
    <Filter Include="Game\Scene\GamePlayScene\Enemy">
      <UniqueIdentifier>{4e488ebe-d149-48c7-9777-25974cd40ec6}</UniqueIdentifier>
    </Filter>
    <Filter Include="Game\Scene\GamePlayScene\Floor">
      <UniqueIdentifier>{cb24b65b-6acd-4c36-87fa-dc27e669ca9a}</UniqueIdentifier>
    </Filter>
    <Filter Include="Game\Scene\GamePlayScene\LockOn">
      <UniqueIdentifier>{e4f4e15d-4516-4c42-b51b-a75d8f75e4ea}</UniqueIdentifier>
    </Filter>
    <Filter Include="Game\Scene\GamePlayScene\Player">
      <UniqueIdentifier>{5d492f64-647d-4f56-9d66-a48f9d5599f9}</UniqueIdentifier>
    </Filter>
    <Filter Include="Game\Scene\GamePlayScene\Reticle">
      <UniqueIdentifier>{a77281a3-bd7d-4f47-8245-267eb5c8199a}</UniqueIdentifier>
    </Filter>
    <Filter Include="Game\Scene\GamePlayScene\SkyBox">
      <UniqueIdentifier>{afe6cd45-9972-4599-8b43-f33e00a78fa6}</UniqueIdentifier>
    </Filter>
    <Filter Include="Game\Scene\GamePlayScene\SkyDome">
      <UniqueIdentifier>{cef3c109-4905-4df5-9e6d-0427781030bb}</UniqueIdentifier>
    </Filter>
    <Filter Include="Engine\Base\OffscreenRendering">
      <UniqueIdentifier>{6de02f0d-58d0-4894-b601-242ae9d8841d}</UniqueIdentifier>
    </Filter>
    <Filter Include="Engine\Base\OffscreenRendering\Filters">
      <UniqueIdentifier>{5acd235f-3488-41aa-95c6-eb78a8a76c40}</UniqueIdentifier>
    </Filter>
    <Filter Include="Engine\Base\OffscreenRendering\Shaders">
      <UniqueIdentifier>{acbb31ce-53bc-40e6-ac85-0696c91d0fee}</UniqueIdentifier>
    </Filter>
    <Filter Include="Engine\Camera">
      <UniqueIdentifier>{4c167259-2bb5-440e-8966-2ea66df77ae4}</UniqueIdentifier>
    </Filter>
    <Filter Include="Engine\Debug">
      <UniqueIdentifier>{08eed370-b712-41d5-82ce-683f7962ed28}</UniqueIdentifier>
    </Filter>
    <Filter Include="Engine\Input">
      <UniqueIdentifier>{ef726231-de31-4482-8fe7-eaa79bfcbaa2}</UniqueIdentifier>
    </Filter>
    <Filter Include="Engine\Level">
      <UniqueIdentifier>{40efe71c-cbad-4e93-8782-0dd9aed90aa2}</UniqueIdentifier>
    </Filter>
    <Filter Include="Engine\3D\Particle">
      <UniqueIdentifier>{4d4218b9-ddd2-43e6-93f2-6dc125094adf}</UniqueIdentifier>
    </Filter>
    <Filter Include="Engine\3D\Skybox">
      <UniqueIdentifier>{7e8eef1c-7617-47e1-b850-220f9358a4e6}</UniqueIdentifier>
    </Filter>
    <Filter Include="Engine\3D\Data">
      <UniqueIdentifier>{d3d1216c-dc8d-457f-af70-f6c2aecf40fc}</UniqueIdentifier>
    </Filter>
    <Filter Include="Engine\WorldTransform">
      <UniqueIdentifier>{04d5c3b7-bd94-4ece-beb4-f6a17a84ee1b}</UniqueIdentifier>
    </Filter>
    <Filter Include="Engine\Utility">
      <UniqueIdentifier>{0ef2fc93-2066-4a3b-a414-a909247b30dc}</UniqueIdentifier>
    </Filter>
    <Filter Include="Engine\WinApp">
      <UniqueIdentifier>{0cf1649e-65b3-4017-80e0-63dd68120be4}</UniqueIdentifier>
    </Filter>
    <Filter Include="Engine\Math">
      <UniqueIdentifier>{317783d9-f57b-44df-9d64-2ccaee7c8874}</UniqueIdentifier>
    </Filter>
  </ItemGroup>
  <ItemGroup>
    <ClCompile Include="main.cpp" />
    <ClCompile Include="engine\debug\D3DResourceLeakChecker.cpp">
      <Filter>Engine\Debug</Filter>
    </ClCompile>
    <ClCompile Include="engine\input\Input.cpp">
      <Filter>Engine\Input</Filter>
    </ClCompile>
    <ClCompile Include="engine\debug\Logger.cpp">
      <Filter>Engine\Debug</Filter>
    </ClCompile>
    <ClCompile Include="engine\math\MathMatrix.cpp">
      <Filter>Engine\Math</Filter>
    </ClCompile>
    <ClCompile Include="engine\math\MathVector.cpp">
      <Filter>Engine\Math</Filter>
    </ClCompile>
    <ClCompile Include="engine\utility\StringUtility.cpp">
      <Filter>Engine\Utility</Filter>
    </ClCompile>
    <ClCompile Include="engine\winApp\WinApp.cpp">
      <Filter>Engine\WinApp</Filter>
    </ClCompile>
    <ClCompile Include="engine\debug\ImGuiManager.cpp">
      <Filter>Engine\Debug</Filter>
    </ClCompile>
    <ClCompile Include="engine\audio\AudioManager.cpp">
      <Filter>Engine\Audio</Filter>
    </ClCompile>
    <ClCompile Include="Engine\2D\Sprite\Sprite.cpp">
      <Filter>Engine\2D\Sprite</Filter>
    </ClCompile>
    <ClCompile Include="Engine\2D\Texture\TextureManager.cpp">
      <Filter>Engine\2D\TextureManager</Filter>
    </ClCompile>
    <ClCompile Include="Engine\3D\Model\Model.cpp">
      <Filter>Engine\3D\Model</Filter>
    </ClCompile>
    <ClCompile Include="Engine\2D\Sprite\SpriteCommon.cpp">
      <Filter>Engine\2D\Sprite</Filter>
    </ClCompile>
    <ClCompile Include="Engine\3D\Model\ModelManager.cpp">
      <Filter>Engine\3D\Model</Filter>
    </ClCompile>
    <ClCompile Include="Engine\3D\Object\Object3d.cpp">
      <Filter>Engine\3D\Object</Filter>
    </ClCompile>
    <ClCompile Include="Engine\3D\Object\Object3dCommon.cpp">
      <Filter>Engine\3D\Object</Filter>
    </ClCompile>
    <ClCompile Include="engine\camera\Camera.cpp">
      <Filter>Engine\Camera</Filter>
    </ClCompile>
    <ClCompile Include="engine\base\DirectXUtility.cpp">
      <Filter>Engine\Base\DirectX</Filter>
    </ClCompile>
    <ClCompile Include="Engine\Base\Framework.cpp">
      <Filter>Game\Base</Filter>
    </ClCompile>
    <ClCompile Include="Game\Base\MyGame.cpp">
      <Filter>Game\Base</Filter>
    </ClCompile>
    <ClCompile Include="Game\Scene\GamePlayScene\GamePlayScene.cpp">
      <Filter>Game\Scene\GamePlayScene</Filter>
    </ClCompile>
    <ClCompile Include="Game\Scene\TitleScene\TitleScene.cpp">
      <Filter>Game\Scene\TitleScene</Filter>
    </ClCompile>
    <ClCompile Include="Game\Scene\System\SceneFactory.cpp">
      <Filter>Game\Scene\System</Filter>
    </ClCompile>
    <ClCompile Include="Game\Scene\GameClearScene\GameClearScene.cpp">
      <Filter>Game\Scene\GameClearScene</Filter>
    </ClCompile>
    <ClCompile Include="Game\Scene\GameOverScene\GameOverScene.cpp">
      <Filter>Game\Scene\GameOverScene</Filter>
    </ClCompile>
    <ClCompile Include="Game\Scene\TitleScene\UI\BlackScreen.cpp">
      <Filter>Game\Scene\TitleScene\UI</Filter>
    </ClCompile>
    <ClCompile Include="Game\Scene\TitleScene\UI\StartUI.cpp">
      <Filter>Game\Scene\TitleScene\UI</Filter>
    </ClCompile>
    <ClCompile Include="Game\Scene\TitleScene\UI\TitleUI.cpp">
      <Filter>Game\Scene\TitleScene\UI</Filter>
    </ClCompile>
    <ClCompile Include="Engine\Scene\SceneManager.cpp">
      <Filter>Engine\Scene</Filter>
    </ClCompile>
    <ClCompile Include="Game\Scene\DebugScene\DebugScene.cpp">
      <Filter>Game\Scene\DebugScene</Filter>
    </ClCompile>
    <ClCompile Include="Game\Scene\GamePlayScene\CameraControll\FollowCamera\FollowCameraController.cpp">
      <Filter>Game\Scene\GamePlayScene\CameraControll</Filter>
    </ClCompile>
    <ClCompile Include="Game\Scene\GamePlayScene\CameraControll\RailCamera\RailCameraController.cpp">
      <Filter>Game\Scene\GamePlayScene\CameraControll</Filter>
    </ClCompile>
    <ClCompile Include="Game\Scene\GamePlayScene\Collision\Collider.cpp">
      <Filter>Game\Scene\GamePlayScene\Collision</Filter>
    </ClCompile>
    <ClCompile Include="Game\Scene\GamePlayScene\Collision\CollisionManager.cpp">
      <Filter>Game\Scene\GamePlayScene\Collision</Filter>
    </ClCompile>
    <ClCompile Include="Game\Scene\GamePlayScene\Cylinder\Cylinder.cpp">
      <Filter>Game\Scene\GamePlayScene\Cylinder</Filter>
    </ClCompile>
    <ClCompile Include="Game\Scene\GamePlayScene\Enemy\Enemy.cpp">
      <Filter>Game\Scene\GamePlayScene\Enemy</Filter>
    </ClCompile>
    <ClCompile Include="Game\Scene\GamePlayScene\Enemy\EnemyBullet.cpp">
      <Filter>Game\Scene\GamePlayScene\Enemy</Filter>
    </ClCompile>
    <ClCompile Include="Game\Scene\GamePlayScene\Floor\Floor.cpp">
      <Filter>Game\Scene\GamePlayScene\Floor</Filter>
    </ClCompile>
    <ClCompile Include="Game\Scene\GamePlayScene\LockOn\LockOn.cpp">
      <Filter>Game\Scene\GamePlayScene\LockOn</Filter>
    </ClCompile>
    <ClCompile Include="Game\Scene\GamePlayScene\Player\Bullet.cpp">
      <Filter>Game\Scene\GamePlayScene\Player</Filter>
    </ClCompile>
    <ClCompile Include="Game\Scene\GamePlayScene\Player\Player.cpp">
      <Filter>Game\Scene\GamePlayScene\Player</Filter>
    </ClCompile>
    <ClCompile Include="Game\Scene\GamePlayScene\Reticle\Reticle2D.cpp">
      <Filter>Game\Scene\GamePlayScene\Reticle</Filter>
    </ClCompile>
    <ClCompile Include="Game\Scene\GamePlayScene\Reticle\Reticle3D.cpp">
      <Filter>Game\Scene\GamePlayScene\Reticle</Filter>
    </ClCompile>
    <ClCompile Include="Game\Scene\GamePlayScene\SkyBox\SkyBoxGame.cpp">
      <Filter>Game\Scene\GamePlayScene\SkyBox</Filter>
    </ClCompile>
    <ClCompile Include="Game\Scene\GamePlayScene\Skydome\Skydome.cpp">
      <Filter>Game\Scene\GamePlayScene\SkyDome</Filter>
    </ClCompile>
    <ClCompile Include="Engine\Base\OffscreenRendering\Filters\BoxBlurFilter.cpp">
      <Filter>Engine\Base\OffscreenRendering\Filters</Filter>
    </ClCompile>
    <ClCompile Include="Engine\Base\OffscreenRendering\Filters\DepthOutlineFilter.cpp">
      <Filter>Engine\Base\OffscreenRendering\Filters</Filter>
    </ClCompile>
    <ClCompile Include="Engine\Base\OffscreenRendering\Filters\DissolveFilter.cpp">
      <Filter>Engine\Base\OffscreenRendering\Filters</Filter>
    </ClCompile>
    <ClCompile Include="Engine\Base\OffscreenRendering\FilterManager.cpp">
      <Filter>Engine\Base\OffscreenRendering</Filter>
    </ClCompile>
    <ClCompile Include="Engine\Base\OffscreenRendering\Filters\FullScreenFilter.cpp">
      <Filter>Engine\Base\OffscreenRendering\Filters</Filter>
    </ClCompile>
    <ClCompile Include="Engine\Base\OffscreenRendering\Filters\GaussianBlurFilter.cpp">
      <Filter>Engine\Base\OffscreenRendering\Filters</Filter>
    </ClCompile>
    <ClCompile Include="Engine\Base\OffscreenRendering\Filters\GrayscaleFilter.cpp">
      <Filter>Engine\Base\OffscreenRendering\Filters</Filter>
    </ClCompile>
    <ClCompile Include="Engine\Base\OffscreenRendering\Filters\LuminanceOutlineFilter.cpp">
      <Filter>Engine\Base\OffscreenRendering\Filters</Filter>
    </ClCompile>
    <ClCompile Include="Engine\Base\OffscreenRendering\Filters\RadialBlurFilter.cpp">
      <Filter>Engine\Base\OffscreenRendering\Filters</Filter>
    </ClCompile>
    <ClCompile Include="Engine\Base\OffscreenRendering\Filters\RandomFilter.cpp">
      <Filter>Engine\Base\OffscreenRendering\Filters</Filter>
    </ClCompile>
    <ClCompile Include="Engine\Base\OffscreenRendering\Filters\VignetteFilter.cpp">
      <Filter>Engine\Base\OffscreenRendering\Filters</Filter>
    </ClCompile>
    <ClCompile Include="Engine\Base\OffscreenRendering\PostEffect.cpp">
      <Filter>Engine\Base\OffscreenRendering</Filter>
    </ClCompile>
    <ClCompile Include="engine\base\SrvManager.cpp">
      <Filter>Engine\Base\DirectX</Filter>
    </ClCompile>
    <ClCompile Include="Engine\Base\SwapChain.cpp">
      <Filter>Engine\Base\DirectX</Filter>
    </ClCompile>
    <ClCompile Include="Engine\Level\Loader.cpp">
      <Filter>Engine\Level</Filter>
    </ClCompile>
    <ClCompile Include="engine\camera\DebugCamera.cpp">
      <Filter>Engine\Camera</Filter>
    </ClCompile>
    <ClCompile Include="Engine\3D\Particle\CylinderParticle.cpp">
      <Filter>Engine\3D\Particle</Filter>
    </ClCompile>
    <ClCompile Include="Engine\3D\Particle\ParticleCommon.cpp">
      <Filter>Engine\3D\Particle</Filter>
    </ClCompile>
    <ClCompile Include="Engine\3D\Particle\ParticleEmitter.cpp">
      <Filter>Engine\3D\Particle</Filter>
    </ClCompile>
    <ClCompile Include="Engine\3D\Particle\ParticleSystem.cpp">
      <Filter>Engine\3D\Particle</Filter>
    </ClCompile>
    <ClCompile Include="Engine\3D\Particle\PlaneParticle.cpp">
      <Filter>Engine\3D\Particle</Filter>
    </ClCompile>
    <ClCompile Include="Engine\3D\Particle\RingParticle.cpp">
      <Filter>Engine\3D\Particle</Filter>
    </ClCompile>
    <ClCompile Include="Engine\3D\Skybox\Skybox.cpp">
      <Filter>Engine\3D\Skybox</Filter>
    </ClCompile>
    <ClCompile Include="Engine\3D\Skybox\SkyboxCommon.cpp">
      <Filter>Engine\3D\Skybox</Filter>
    </ClCompile>
    <ClCompile Include="Engine\WorldTransform\WorldTransform.cpp">
      <Filter>Engine\WorldTransform</Filter>
    </ClCompile>
  </ItemGroup>
  <ItemGroup>
    <ClInclude Include="engine\debug\D3DResourceLeakChecker.h">
      <Filter>Engine\Debug</Filter>
    </ClInclude>
    <ClInclude Include="engine\input\Input.h">
      <Filter>Engine\Input</Filter>
    </ClInclude>
    <ClInclude Include="engine\debug\Logger.h">
      <Filter>Engine\Debug</Filter>
    </ClInclude>
    <ClInclude Include="engine\math\MathMatrix.h">
      <Filter>Engine\Math</Filter>
    </ClInclude>
    <ClInclude Include="engine\math\MathVector.h">
      <Filter>Engine\Math</Filter>
    </ClInclude>
    <ClInclude Include="engine\math\Matrix4x4.h">
      <Filter>Engine\Math</Filter>
    </ClInclude>
    <ClInclude Include="engine\utility\StringUtility.h">
      <Filter>Engine\Utility</Filter>
    </ClInclude>
    <ClInclude Include="engine\math\Vector2.h">
      <Filter>Engine\Math</Filter>
    </ClInclude>
    <ClInclude Include="engine\math\Vector3.h">
      <Filter>Engine\Math</Filter>
    </ClInclude>
    <ClInclude Include="engine\math\Vector4.h">
      <Filter>Engine\Math</Filter>
    </ClInclude>
    <ClInclude Include="engine\winApp\WinApp.h">
      <Filter>Engine\WinApp</Filter>
    </ClInclude>
    <ClInclude Include="engine\debug\ImGuiManager.h">
      <Filter>Engine\Debug</Filter>
    </ClInclude>
    <ClInclude Include="engine\audio\AudioManager.h">
      <Filter>Engine\Audio</Filter>
    </ClInclude>
    <ClInclude Include="Engine\2D\Sprite\Sprite.h">
      <Filter>Engine\2D\Sprite</Filter>
    </ClInclude>
    <ClInclude Include="Engine\2D\Texture\TextureManager.h">
      <Filter>Engine\2D\TextureManager</Filter>
    </ClInclude>
    <ClInclude Include="Engine\3D\Model\Model.h">
      <Filter>Engine\3D\Model</Filter>
    </ClInclude>
    <ClInclude Include="Engine\2D\Sprite\SpriteCommon.h">
      <Filter>Engine\2D\Sprite</Filter>
    </ClInclude>
    <ClInclude Include="Engine\3D\Model\ModelManager.h">
      <Filter>Engine\3D\Model</Filter>
    </ClInclude>
    <ClInclude Include="Engine\3D\Object\Object3d.h">
      <Filter>Engine\3D\Object</Filter>
    </ClInclude>
    <ClInclude Include="Engine\3D\Object\Object3dCommon.h">
      <Filter>Engine\3D\Object</Filter>
    </ClInclude>
    <ClInclude Include="engine\camera\Camera.h">
      <Filter>Engine\Camera</Filter>
    </ClInclude>
    <ClInclude Include="engine\base\DirectXUtility.h">
      <Filter>Engine\Base\DirectX</Filter>
    </ClInclude>
    <ClInclude Include="Engine\Base\Framework.h">
      <Filter>Game\Base</Filter>
    </ClInclude>
    <ClInclude Include="Game\Base\MyGame.h">
      <Filter>Game\Base</Filter>
    </ClInclude>
    <ClInclude Include="Game\Scene\GamePlayScene\GamePlayScene.h">
      <Filter>Game\Scene\GamePlayScene</Filter>
    </ClInclude>
    <ClInclude Include="Game\Scene\GameClearScene\GameClearScene.h">
      <Filter>Game\Scene\GameClearScene</Filter>
    </ClInclude>
    <ClInclude Include="Game\Scene\TitleScene\TitleScene.h">
      <Filter>Game\Scene\TitleScene</Filter>
    </ClInclude>
    <ClInclude Include="Game\Scene\System\SceneFactory.h">
      <Filter>Game\Scene\System</Filter>
    </ClInclude>
    <ClInclude Include="Game\Scene\System\BaseScene.h">
      <Filter>Game\Scene\System</Filter>
    </ClInclude>
    <ClInclude Include="Game\Scene\GameOverScene\GameOverScene.h">
      <Filter>Game\Scene\GameOverScene</Filter>
    </ClInclude>
    <ClInclude Include="Game\Scene\TitleScene\UI\BlackScreen.h">
      <Filter>Game\Scene\TitleScene\UI</Filter>
    </ClInclude>
    <ClInclude Include="Game\Scene\TitleScene\UI\StartUI.h">
      <Filter>Game\Scene\TitleScene\UI</Filter>
    </ClInclude>
    <ClInclude Include="Game\Scene\TitleScene\UI\TitleUI.h">
      <Filter>Game\Scene\TitleScene\UI</Filter>
    </ClInclude>
    <ClInclude Include="Engine\Scene\AbstractSceneFactory.h">
      <Filter>Engine\Scene</Filter>
    </ClInclude>
    <ClInclude Include="Engine\Scene\SceneManager.h">
      <Filter>Engine\Scene</Filter>
    </ClInclude>
    <ClInclude Include="Game\Scene\DebugScene\DebugScene.h">
      <Filter>Game\Scene\DebugScene</Filter>
    </ClInclude>
    <ClInclude Include="Game\Scene\GamePlayScene\CameraControll\ICameraController.h">
      <Filter>Game\Scene\GamePlayScene\CameraControll</Filter>
    </ClInclude>
    <ClInclude Include="Game\Scene\GamePlayScene\CameraControll\FollowCamera\FollowCameraController.h">
      <Filter>Game\Scene\GamePlayScene\CameraControll</Filter>
    </ClInclude>
    <ClInclude Include="Game\Scene\GamePlayScene\CameraControll\RailCamera\RailCameraController.h">
      <Filter>Game\Scene\GamePlayScene\CameraControll</Filter>
    </ClInclude>
    <ClInclude Include="Game\Scene\GamePlayScene\Collision\Basecharacter.h">
      <Filter>Game\Scene\GamePlayScene\Collision</Filter>
    </ClInclude>
    <ClInclude Include="Game\Scene\GamePlayScene\Collision\Collider.h">
      <Filter>Game\Scene\GamePlayScene\Collision</Filter>
    </ClInclude>
    <ClInclude Include="Game\Scene\GamePlayScene\Collision\CollisionManager.h">
      <Filter>Game\Scene\GamePlayScene\Collision</Filter>
    </ClInclude>
    <ClInclude Include="Game\Scene\GamePlayScene\Collision\CollisionTypeIDDef.h">
      <Filter>Game\Scene\GamePlayScene\Collision</Filter>
    </ClInclude>
    <ClInclude Include="Game\Scene\GamePlayScene\Cylinder\Cylinder.h">
      <Filter>Game\Scene\GamePlayScene\Cylinder</Filter>
    </ClInclude>
    <ClInclude Include="Game\Scene\GamePlayScene\Enemy\Enemy.h">
      <Filter>Game\Scene\GamePlayScene\Enemy</Filter>
    </ClInclude>
    <ClInclude Include="Game\Scene\GamePlayScene\Enemy\EnemyBullet.h">
      <Filter>Game\Scene\GamePlayScene\Enemy</Filter>
    </ClInclude>
    <ClInclude Include="Game\Scene\GamePlayScene\Floor\Floor.h">
      <Filter>Game\Scene\GamePlayScene\Floor</Filter>
    </ClInclude>
    <ClInclude Include="Game\Scene\GamePlayScene\LockOn\LockOn.h">
      <Filter>Game\Scene\GamePlayScene\LockOn</Filter>
    </ClInclude>
    <ClInclude Include="Game\Scene\GamePlayScene\Player\Bullet.h">
      <Filter>Game\Scene\GamePlayScene\Player</Filter>
    </ClInclude>
    <ClInclude Include="Game\Scene\GamePlayScene\Player\Player.h">
      <Filter>Game\Scene\GamePlayScene\Player</Filter>
    </ClInclude>
    <ClInclude Include="Game\Scene\GamePlayScene\Reticle\Reticle2D.h">
      <Filter>Game\Scene\GamePlayScene\Reticle</Filter>
    </ClInclude>
    <ClInclude Include="Game\Scene\GamePlayScene\Reticle\Reticle3D.h">
      <Filter>Game\Scene\GamePlayScene\Reticle</Filter>
    </ClInclude>
    <ClInclude Include="Game\Scene\GamePlayScene\SkyBox\SkyBoxGame.h">
      <Filter>Game\Scene\GamePlayScene\SkyBox</Filter>
    </ClInclude>
    <ClInclude Include="Game\Scene\GamePlayScene\Skydome\Skydome.h">
      <Filter>Game\Scene\GamePlayScene\SkyDome</Filter>
    </ClInclude>
    <ClInclude Include="Engine\Base\OffscreenRendering\Filters\BaseFilter.h">
      <Filter>Engine\Base\OffscreenRendering\Filters</Filter>
    </ClInclude>
    <ClInclude Include="Engine\Base\OffscreenRendering\Filters\BoxBlurFilter.h">
      <Filter>Engine\Base\OffscreenRendering\Filters</Filter>
    </ClInclude>
    <ClInclude Include="Engine\Base\OffscreenRendering\Filters\DepthOutlineFilter.h">
      <Filter>Engine\Base\OffscreenRendering\Filters</Filter>
    </ClInclude>
    <ClInclude Include="Engine\Base\OffscreenRendering\Filters\DissolveFilter.h">
      <Filter>Engine\Base\OffscreenRendering\Filters</Filter>
    </ClInclude>
    <ClInclude Include="Engine\Base\OffscreenRendering\FilterManager.h">
      <Filter>Engine\Base\OffscreenRendering</Filter>
    </ClInclude>
    <ClInclude Include="Engine\Base\OffscreenRendering\Filters\FullScreenFilter.h">
      <Filter>Engine\Base\OffscreenRendering\Filters</Filter>
    </ClInclude>
    <ClInclude Include="Engine\Base\OffscreenRendering\Filters\GaussianBlurFilter.h">
      <Filter>Engine\Base\OffscreenRendering\Filters</Filter>
    </ClInclude>
    <ClInclude Include="Engine\Base\OffscreenRendering\Filters\GrayscaleFilter.h">
      <Filter>Engine\Base\OffscreenRendering\Filters</Filter>
    </ClInclude>
    <ClInclude Include="Engine\Base\OffscreenRendering\Filters\LuminanceOutlineFilter.h">
      <Filter>Engine\Base\OffscreenRendering\Filters</Filter>
    </ClInclude>
    <ClInclude Include="Engine\Base\OffscreenRendering\Filters\RadialBlurFilter.h">
      <Filter>Engine\Base\OffscreenRendering\Filters</Filter>
    </ClInclude>
    <ClInclude Include="Engine\Base\OffscreenRendering\Filters\RandomFilter.h">
      <Filter>Engine\Base\OffscreenRendering\Filters</Filter>
    </ClInclude>
    <ClInclude Include="Engine\Base\OffscreenRendering\Filters\VignetteFilter.h">
      <Filter>Engine\Base\OffscreenRendering\Filters</Filter>
    </ClInclude>
    <ClInclude Include="Engine\Base\OffscreenRendering\PostEffect.h">
      <Filter>Engine\Base\OffscreenRendering</Filter>
    </ClInclude>
    <ClInclude Include="engine\base\SrvManager.h">
      <Filter>Engine\Base\DirectX</Filter>
    </ClInclude>
    <ClInclude Include="Engine\Base\SwapChain.h">
      <Filter>Engine\Base\DirectX</Filter>
    </ClInclude>
    <ClInclude Include="Engine\Level\LevelData.h">
      <Filter>Engine\Level</Filter>
    </ClInclude>
    <ClInclude Include="Engine\Level\Loader.h">
      <Filter>Engine\Level</Filter>
    </ClInclude>
    <ClInclude Include="engine\camera\DebugCamera.h">
      <Filter>Engine\Camera</Filter>
    </ClInclude>
    <ClInclude Include="Engine\3D\Particle\BaseParticleType.h">
      <Filter>Engine\3D\Particle</Filter>
    </ClInclude>
    <ClInclude Include="Engine\3D\Particle\CylinderParticle.h">
      <Filter>Engine\3D\Particle</Filter>
    </ClInclude>
    <ClInclude Include="Engine\3D\Particle\Particle.h">
      <Filter>Engine\3D\Particle</Filter>
    </ClInclude>
    <ClInclude Include="Engine\3D\Particle\ParticleCommon.h">
      <Filter>Engine\3D\Particle</Filter>
    </ClInclude>
    <ClInclude Include="Engine\3D\Particle\ParticleEmitter.h">
      <Filter>Engine\3D\Particle</Filter>
    </ClInclude>
    <ClInclude Include="Engine\3D\Particle\ParticleSystem.h">
      <Filter>Engine\3D\Particle</Filter>
    </ClInclude>
    <ClInclude Include="Engine\3D\Particle\PlaneParticle.h">
      <Filter>Engine\3D\Particle</Filter>
    </ClInclude>
    <ClInclude Include="Engine\3D\Particle\RingParticle.h">
      <Filter>Engine\3D\Particle</Filter>
    </ClInclude>
    <ClInclude Include="Engine\3D\Skybox\Skybox.h">
      <Filter>Engine\3D\Skybox</Filter>
    </ClInclude>
    <ClInclude Include="engine\3d\Data\MaterialData.h">
      <Filter>Engine\3D\Data</Filter>
    </ClInclude>
    <ClInclude Include="engine\3d\Data\ModelData.h">
      <Filter>Engine\3D\Data</Filter>
    </ClInclude>
    <ClInclude Include="Engine\3D\Skybox\SkyboxCommon.h">
      <Filter>Engine\3D\Skybox</Filter>
    </ClInclude>
    <ClInclude Include="Engine\3D\Data\TransformationData.h">
      <Filter>Engine\3D\Data</Filter>
    </ClInclude>
    <ClInclude Include="engine\3d\Data\VertexData.h">
      <Filter>Engine\3D\Data</Filter>
    </ClInclude>
    <ClInclude Include="engine\3d\Data\Transform.h">
      <Filter>Engine\3D\Data</Filter>
    </ClInclude>
    <ClInclude Include="Engine\WorldTransform\WorldTransform.h">
      <Filter>Engine\WorldTransform</Filter>
    </ClInclude>
  </ItemGroup>
  <ItemGroup>
    <None Include="resources\shaders\Sprite.hlsli">
      <Filter>Engine\2D\Sprite</Filter>
    </None>
    <None Include="resources\shaders\Object3d.hlsli">
      <Filter>Engine\3D\Object</Filter>
    </None>
    <None Include="Resources\shaders\FullScreen.hlsli">
      <Filter>Engine\Base\OffscreenRendering\Shaders</Filter>
    </None>
    <None Include="resources\shaders\Particle.hlsli">
      <Filter>Engine\3D\Particle</Filter>
    </None>
    <None Include="Resources\Shaders\Skybox.hlsli">
      <Filter>Engine\3D\Skybox</Filter>
    </None>
  </ItemGroup>
  <ItemGroup>
    <FxCompile Include="resources\shaders\Sprite.PS.hlsl">
      <Filter>Engine\2D\Sprite</Filter>
    </FxCompile>
    <FxCompile Include="resources\shaders\Sprite.VS.hlsl">
      <Filter>Engine\2D\Sprite</Filter>
    </FxCompile>
    <FxCompile Include="resources\shaders\Object3d.PS.hlsl">
      <Filter>Engine\3D\Object</Filter>
    </FxCompile>
    <FxCompile Include="resources\shaders\Object3d.VS.hlsl">
      <Filter>Engine\3D\Object</Filter>
    </FxCompile>
    <FxCompile Include="Resources\Shaders\BoxBlur.PS.hlsl">
      <Filter>Engine\Base\OffscreenRendering\Shaders</Filter>
    </FxCompile>
    <FxCompile Include="Resources\Shaders\LuminanceOutline.PS.hlsl">
      <Filter>Engine\Base\OffscreenRendering\Shaders</Filter>
    </FxCompile>
    <FxCompile Include="Resources\Shaders\DepthOutline.PS.hlsl">
      <Filter>Engine\Base\OffscreenRendering\Shaders</Filter>
    </FxCompile>
    <FxCompile Include="Resources\Shaders\Dissolve.PS.hlsl">
      <Filter>Engine\Base\OffscreenRendering\Shaders</Filter>
    </FxCompile>
    <FxCompile Include="resources\shaders\FullScreen.PS.hlsl">
      <Filter>Engine\Base\OffscreenRendering\Shaders</Filter>
    </FxCompile>
    <FxCompile Include="Resources\shaders\FullScreen.VS.hlsl">
      <Filter>Engine\Base\OffscreenRendering\Shaders</Filter>
    </FxCompile>
    <FxCompile Include="Resources\Shaders\GaussianBlur.PS.hlsl">
      <Filter>Engine\Base\OffscreenRendering\Shaders</Filter>
    </FxCompile>
    <FxCompile Include="Resources\shaders\Grayscale.PS.hlsl">
      <Filter>Engine\Base\OffscreenRendering\Shaders</Filter>
    </FxCompile>
    <FxCompile Include="Resources\Shaders\RadialBlur.PS.hlsl">
      <Filter>Engine\Base\OffscreenRendering\Shaders</Filter>
    </FxCompile>
    <FxCompile Include="Resources\Shaders\Random.PS.hlsl">
      <Filter>Engine\Base\OffscreenRendering\Shaders</Filter>
    </FxCompile>
    <FxCompile Include="resources\shaders\Vignette.PS.hlsl">
      <Filter>Engine\Base\OffscreenRendering\Shaders</Filter>
    </FxCompile>
    <FxCompile Include="resources\shaders\Particle.PS.hlsl">
      <Filter>Engine\3D\Particle</Filter>
    </FxCompile>
    <FxCompile Include="resources\shaders\Particle.VS.hlsl">
      <Filter>Engine\3D\Particle</Filter>
    </FxCompile>
    <FxCompile Include="Resources\Shaders\Skybox.PS.hlsl">
      <Filter>Engine\3D\Skybox</Filter>
    </FxCompile>
    <FxCompile Include="Resources\Shaders\Skybox.VS.hlsl">
      <Filter>Engine\3D\Skybox</Filter>
    </FxCompile>
  </ItemGroup>
</Project>